{
    "name": "thunderbird_date",
    "version": "0.0.6b",
    "lockfileVersion": 2,
    "requires": true,
    "packages": {
        "": {
            "name": "thunderbird_date",
            "version": "0.0.6b",
            "license": "MIT",
            "dependencies": {
                "chrono-node": "^2.6.1"
            }
        },
        "node_modules/chrono-node": {
            "version": "2.6.1",
            "resolved": "https://registry.npmjs.org/chrono-node/-/chrono-node-2.6.1.tgz",
            "integrity": "sha512-TxhueNcckNWTonc0ZPNjOJ8XfIAYQ7EzhlvDjXT1eauo/lhjvXW4oOn6XtInbam6MfL7Mo1hYO/FKI3KMzqBsw==",
            "dependencies": {
                "dayjs": "^1.10.0"
            },
            "engines": {
                "node": "^12.20.0 || ^14.13.1 || >=16.0.0"
            }
        },
        "node_modules/dayjs": {
            "version": "1.11.7",
            "resolved": "https://registry.npmjs.org/dayjs/-/dayjs-1.11.7.tgz",
            "integrity": "sha512-+Yw9U6YO5TQohxLcIkrXBeY73WP3ejHWVvx8XCk3gxvQDCTEmS48ZrSZCKciI7Bhl/uCMyxYtE9UqRILmFphkQ=="
        }
    },
    "dependencies": {
        "chrono-node": {
            "version": "2.6.1",
            "resolved": "https://registry.npmjs.org/chrono-node/-/chrono-node-2.6.1.tgz",
            "integrity": "sha512-TxhueNcckNWTonc0ZPNjOJ8XfIAYQ7EzhlvDjXT1eauo/lhjvXW4oOn6XtInbam6MfL7Mo1hYO/FKI3KMzqBsw==",
            "requires": {
                "dayjs": "^1.10.0"
            }
        },
        "dayjs": {
            "version": "1.11.7",
            "resolved": "https://registry.npmjs.org/dayjs/-/dayjs-1.11.7.tgz",
            "integrity": "sha512-+Yw9U6YO5TQohxLcIkrXBeY73WP3ejHWVvx8XCk3gxvQDCTEmS48ZrSZCKciI7Bhl/uCMyxYtE9UqRILmFphkQ=="
        }
    }
}
